
Microsoft Visual Studio Solution File, Format Version 12.00
# Visual Studio Version 17
VisualStudioVersion = 17.6.33815.320
MinimumVisualStudioVersion = 10.0.40219.1
Project("{9A19103F-16F7-4668-BE54-9A1E7A4F7556}") = "Login", "Login.csproj", "{4F236E0E-4D99-4254-94DA-C45620072A19}"
EndProject
Project("{FAE04EC0-301F-11D3-BF4B-00C04F79EFBC}") = "SpecFlowProject", "..\SpecFlowProject\SpecFlowProject.csproj", "{34D98B9B-5693-4F43-A3D5-5C00CF560E89}"
EndProject
Global
	GlobalSection(SolutionConfigurationPlatforms) = preSolution
		Debug|Any CPU = Debug|Any CPU
		Release|Any CPU = Release|Any CPU
	EndGlobalSection
	GlobalSection(ProjectConfigurationPlatforms) = postSolution
		{4F236E0E-4D99-4254-94DA-C45620072A19}.Debug|Any CPU.ActiveCfg = Debug|Any CPU
		{4F236E0E-4D99-4254-94DA-C45620072A19}.Debug|Any CPU.Build.0 = Debug|Any CPU
		{4F236E0E-4D99-4254-94DA-C45620072A19}.Release|Any CPU.ActiveCfg = Release|Any CPU
		{4F236E0E-4D99-4254-94DA-C45620072A19}.Release|Any CPU.Build.0 = Release|Any CPU
		{34D98B9B-5693-4F43-A3D5-5C00CF560E89}.Debug|Any CPU.ActiveCfg = Debug|Any CPU
		{34D98B9B-5693-4F43-A3D5-5C00CF560E89}.Debug|Any CPU.Build.0 = Debug|Any CPU
		{34D98B9B-5693-4F43-A3D5-5C00CF560E89}.Release|Any CPU.ActiveCfg = Release|Any CPU
		{34D98B9B-5693-4F43-A3D5-5C00CF560E89}.Release|Any CPU.Build.0 = Release|Any CPU
	EndGlobalSection
	GlobalSection(SolutionProperties) = preSolution
		HideSolutionNode = FALSE
	EndGlobalSection
	GlobalSection(ExtensibilityGlobals) = postSolution
		SolutionGuid = {F6476CC6-9A1E-4D61-A17E-9BEEE4D64A1F}
	EndGlobalSection
EndGlobal
